<Solution>
  <Folder Name="/src/">
    <Project Path="Lagom.API/Lagom.API.csproj" />
    <Project Path="Lagom.Application/Lagom.Application.csproj" Id="a26fd1db-2a1e-449c-9977-1a39dbfee26c" />
    <Project Path="Lagom.Communication/Lagom.Communication.csproj" Id="2a602353-fdec-4ead-9d82-d58881b4f895" />
    <Project Path="Lagom.Domain/Lagom.Domain.csproj" Id="989967ad-2792-4bc8-a540-ebb524facc4a" />
    <Project Path="Lagom.Exception/Lagom.Exception.csproj" Id="84fc054d-7a9d-4940-8dce-61df5ad16f6c" />
  </Folder>
  <Folder Name="/tests/" />
</Solution>
